
Microsoft Visual Studio Solution File, Format Version 12.00
# Visual Studio 15
VisualStudioVersion = 15.0.26724.1
MinimumVisualStudioVersion = 10.0.40219.1
Project("{9A19103F-16F7-4668-BE54-9A1E7A4F7556}") = "si-appbuilder-oidcmiddleware", "si-appbuilder-oidcmiddleware.csproj", "{CB2C3D20-09AB-4226-B35B-E0AC99D1A679}"
EndProject
Global
	GlobalSection(SolutionConfigurationPlatforms) = preSolution
		Debug|Any CPU = Debug|Any CPU
		Release|Any CPU = Release|Any CPU
	EndGlobalSection
	GlobalSection(ProjectConfigurationPlatforms) = postSolution
		{CB2C3D20-09AB-4226-B35B-E0AC99D1A679}.Debug|Any CPU.ActiveCfg = Debug|Any CPU
		{CB2C3D20-09AB-4226-B35B-E0AC99D1A679}.Debug|Any CPU.Build.0 = Debug|Any CPU
		{CB2C3D20-09AB-4226-B35B-E0AC99D1A679}.Release|Any CPU.ActiveCfg = Release|Any CPU
		{CB2C3D20-09AB-4226-B35B-E0AC99D1A679}.Release|Any CPU.Build.0 = Release|Any CPU
	EndGlobalSection
	GlobalSection(SolutionProperties) = preSolution
		HideSolutionNode = FALSE
	EndGlobalSection
	GlobalSection(ExtensibilityGlobals) = postSolution
		SolutionGuid = {461F135F-C912-4233-AE26-F1F7AAAB3ACE}
	EndGlobalSection
EndGlobal
